// !$*UTF8*$!
{
	archiveVersion = 1;
	classes = {
	};
	objectVersion = 46;
	objects = {

/* Begin PBXBuildFile section */
		18313D761CCE08CD0080E4CC /* main.m in Sources */ = {isa = PBXBuildFile; fileRef = 18313D751CCE08CD0080E4CC /* main.m */; };
		18313D7E1CCE08E50080E4CC /* HdqTest.m in Sources */ = {isa = PBXBuildFile; fileRef = 18313D7D1CCE08E50080E4CC /* HdqTest.m */; };
		189011721CD056F00073B216 /* NSMutableArray+Extension.m in Sources */ = {isa = PBXBuildFile; fileRef = 189011711CD056F00073B216 /* NSMutableArray+Extension.m */; };
		189063211CD095ED0073B216 /* HdqTest+extision.m in Sources */ = {isa = PBXBuildFile; fileRef = 189063201CD095ED0073B216 /* HdqTest+extision.m */; };
/* End PBXBuildFile section */

/* Begin PBXCopyFilesBuildPhase section */
		18313D701CCE08CD0080E4CC /* CopyFiles */ = {
			isa = PBXCopyFilesBuildPhase;
			buildActionMask = 2147483647;
			dstPath = /usr/share/man/man1/;
			dstSubfolderSpec = 0;
			files = (
			);
			runOnlyForDeploymentPostprocessing = 1;
		};
/* End PBXCopyFilesBuildPhase section */

/* Begin PBXFileReference section */
		18313D721CCE08CD0080E4CC /* runtime */ = {isa = PBXFileReference; explicitFileType = "compiled.mach-o.executable"; includeInIndex = 0; path = runtime; sourceTree = BUILT_PRODUCTS_DIR; };
		18313D751CCE08CD0080E4CC /* main.m */ = {isa = PBXFileReference; lastKnownFileType = sourcecode.c.objc; path = main.m; sourceTree = "<group>"; };
		18313D7C1CCE08E50080E4CC /* HdqTest.h */ = {isa = PBXFileReference; fileEncoding = 4; lastKnownFileType = sourcecode.c.h; path = HdqTest.h; sourceTree = "<group>"; };
		18313D7D1CCE08E50080E4CC /* HdqTest.m */ = {isa = PBXFileReference; fileEncoding = 4; lastKnownFileType = sourcecode.c.objc; path = HdqTest.m; sourceTree = "<group>"; };
		189011701CD056F00073B216 /* NSMutableArray+Extension.h */ = {isa = PBXFileReference; fileEncoding = 4; lastKnownFileType = sourcecode.c.h; path = "NSMutableArray+Extension.h"; sourceTree = "<group>"; };
		189011711CD056F00073B216 /* NSMutableArray+Extension.m */ = {isa = PBXFileReference; fileEncoding = 4; lastKnownFileType = sourcecode.c.objc; path = "NSMutableArray+Extension.m"; sourceTree = "<group>"; };
		1890631F1CD095ED0073B216 /* HdqTest+extision.h */ = {isa = PBXFileReference; fileEncoding = 4; lastKnownFileType = sourcecode.c.h; path = "HdqTest+extision.h"; sourceTree = "<group>"; };
		189063201CD095ED0073B216 /* HdqTest+extision.m */ = {isa = PBXFileReference; fileEncoding = 4; lastKnownFileType = sourcecode.c.objc; path = "HdqTest+extision.m"; sourceTree = "<group>"; };
/* End PBXFileReference section */

/* Begin PBXFrameworksBuildPhase section */
		18313D6F1CCE08CD0080E4CC /* Frameworks */ = {
			isa = PBXFrameworksBuildPhase;
			buildActionMask = 2147483647;
			files = (
			);
			runOnlyForDeploymentPostprocessing = 0;
		};
/* End PBXFrameworksBuildPhase section */

/* Begin PBXGroup section */
		181008FE1CD19DF00097B390 /* model1 */ = {
			isa = PBXGroup;
			children = (
				18313D7C1CCE08E50080E4CC /* HdqTest.h */,
				18313D7D1CCE08E50080E4CC /* HdqTest.m */,
				1890631F1CD095ED0073B216 /* HdqTest+extision.h */,
				189063201CD095ED0073B216 /* HdqTest+extision.m */,
			);
			name = model1;
			sourceTree = "<group>";
		};
		18313D691CCE08CD0080E4CC = {
			isa = PBXGroup;
			children = (
				18313D741CCE08CD0080E4CC /* runtime */,
				18313D731CCE08CD0080E4CC /* Products */,
			);
			sourceTree = "<group>";
		};
		18313D731CCE08CD0080E4CC /* Products */ = {
			isa = PBXGroup;
			children = (
				18313D721CCE08CD0080E4CC /* runtime */,
			);
			name = Products;
			sourceTree = "<group>";
		};
		18313D741CCE08CD0080E4CC /* runtime */ = {
			isa = PBXGroup;
			children = (
				18C8F0CE1CCF4A6A00023661 /* tool */,
				18313D7F1CCE08EB0080E4CC /* ModelClass */,
				18313D751CCE08CD0080E4CC /* main.m */,
			);
			path = runtime;
			sourceTree = "<group>";
		};
		18313D7F1CCE08EB0080E4CC /* ModelClass */ = {
			isa = PBXGroup;
			children = (
				181008FE1CD19DF00097B390 /* model1 */,
			);
			name = ModelClass;
			sourceTree = "<group>";
		};
		18C8F0CE1CCF4A6A00023661 /* tool */ = {
			isa = PBXGroup;
			children = (
				189011701CD056F00073B216 /* NSMutableArray+Extension.h */,
				189011711CD056F00073B216 /* NSMutableArray+Extension.m */,
			);
			name = tool;
			sourceTree = "<group>";
		};
/* End PBXGroup section */

/* Begin PBXNativeTarget section */
		18313D711CCE08CD0080E4CC /* runtime */ = {
			isa = PBXNativeTarget;
			buildConfigurationList = 18313D791CCE08CD0080E4CC /* Build configuration list for PBXNativeTarget "runtime" */;
			buildPhases = (
				18313D6E1CCE08CD0080E4CC /* Sources */,
				18313D6F1CCE08CD0080E4CC /* Frameworks */,
				18313D701CCE08CD0080E4CC /* CopyFiles */,
			);
			buildRules = (
			);
			dependencies = (
			);
			name = runtime;
			productName = runtime;
			productReference = 18313D721CCE08CD0080E4CC /* runtime */;
			productType = "com.apple.product-type.tool";
		};
/* End PBXNativeTarget section */

/* Begin PBXProject section */
		18313D6A1CCE08CD0080E4CC /* Project object */ = {
			isa = PBXProject;
			attributes = {
				LastUpgradeCheck = 0730;
				ORGANIZATIONNAME = com.fazhiwang;
				TargetAttributes = {
					18313D711CCE08CD0080E4CC = {
						CreatedOnToolsVersion = 7.3;
					};
				};
			};
			buildConfigurationList = 18313D6D1CCE08CD0080E4CC /* Build configuration list for PBXProject "runtime" */;
			compatibilityVersion = "Xcode 3.2";
			developmentRegion = English;
			hasScannedForEncodings = 0;
			knownRegions = (
				en,
			);
			mainGroup = 18313D691CCE08CD0080E4CC;
			productRefGroup = 18313D731CCE08CD0080E4CC /* Products */;
			projectDirPath = "";
			projectRoot = "";
			targets = (
				18313D711CCE08CD0080E4CC /* runtime */,
			);
		};
/* End PBXProject section */

/* Begin PBXSourcesBuildPhase section */
		18313D6E1CCE08CD0080E4CC /* Sources */ = {
			isa = PBXSourcesBuildPhase;
			buildActionMask = 2147483647;
			files = (
				189063211CD095ED0073B216 /* HdqTest+extision.m in Sources */,
				18313D761CCE08CD0080E4CC /* main.m in Sources */,
				189011721CD056F00073B216 /* NSMutableArray+Extension.m in Sources */,
				18313D7E1CCE08E50080E4CC /* HdqTest.m in Sources */,
			);
			runOnlyForDeploymentPostprocessing = 0;
		};
/* End PBXSourcesBuildPhase section */

/* Begin XCBuildConfiguration section */
		18313D771CCE08CD0080E4CC /* Debug */ = {
			isa = XCBuildConfiguration;
			buildSettings = {
				ALWAYS_SEARCH_USER_PATHS = NO;
				CLANG_ANALYZER_NONNULL = YES;
				CLANG_CXX_LANGUAGE_STANDARD = "gnu++0x";
				CLANG_CXX_LIBRARY = "libc++";
				CLANG_ENABLE_MODULES = YES;
				CLANG_ENABLE_OBJC_ARC = YES;
				CLANG_WARN_BOOL_CONVERSION = YES;
				CLANG_WARN_CONSTANT_CONVERSION = YES;
				CLANG_WARN_DIRECT_OBJC_ISA_USAGE = YES_ERROR;
				CLANG_WARN_EMPTY_BODY = YES;
				CLANG_WARN_ENUM_CONVERSION = YES;
				CLANG_WARN_INT_CONVERSION = YES;
				CLANG_WARN_OBJC_ROOT_CLASS = YES_ERROR;
				CLANG_WARN_UNREACHABLE_CODE = YES;
				CLANG_WARN__DUPLICATE_METHOD_MATCH = YES;
				CODE_SIGN_IDENTITY = "-";
				COPY_PHASE_STRIP = NO;
				DEBUG_INFORMATION_FORMAT = dwarf;
				ENABLE_STRICT_OBJC_MSGSEND = YES;
				ENABLE_TESTABILITY = YES;
				GCC_C_LANGUAGE_STANDARD = gnu99;
				GCC_DYNAMIC_NO_PIC = NO;
				GCC_NO_COMMON_BLOCKS = YES;
				GCC_OPTIMIZATION_LEVEL = 0;
				GCC_PREPROCESSOR_DEFINITIONS = (
					"DEBUG=1",
					"$(inherited)",
				);
				GCC_WARN_64_TO_32_BIT_CONVERSION = YES;
				GCC_WARN_ABOUT_RETURN_TYPE = YES_ERROR;
				GCC_WARN_UNDECLARED_SELECTOR = YES;
				GCC_WARN_UNINITIALIZED_AUTOS = YES_AGGRESSIVE;
				GCC_WARN_UNUSED_FUNCTION = YES;
				GCC_WARN_UNUSED_VARIABLE = YES;
				MACOSX_DEPLOYMENT_TARGET = 10.11;
				MTL_ENABLE_DEBUG_INFO = YES;
				ONLY_ACTIVE_ARCH = YES;
				SDKROOT = macosx;
			};
			name = Debug;
		};
		18313D781CCE08CD0080E4CC /* Release */ = {
			isa = XCBuildConfiguration;
			buildSettings = {
				ALWAYS_SEARCH_USER_PATHS = NO;
				CLANG_ANALYZER_NONNULL = YES;
				CLANG_CXX_LANGUAGE_STANDARD = "gnu++0x";
				CLANG_CXX_LIBRARY = "libc++";
				CLANG_ENABLE_MODULES = YES;
				CLANG_ENABLE_OBJC_ARC = YES;
				CLANG_WARN_BOOL_CONVERSION = YES;
				CLANG_WARN_CONSTANT_CONVERSION = YES;
				CLANG_WARN_DIRECT_OBJC_ISA_USAGE = YES_ERROR;
				CLANG_WARN_EMPTY_BODY = YES;
				CLANG_WARN_ENUM_CONVERSION = YES;
				CLANG_WARN_INT_CONVERSION = YES;
				CLANG_WARN_OBJC_ROOT_CLASS = YES_ERROR;
				CLANG_WARN_UNREACHABLE_CODE = YES;
				CLANG_WARN__DUPLICATE_METHOD_MATCH = YES;
				CODE_SIGN_IDENTITY = "-";
				COPY_PHASE_STRIP = NO;
				DEBUG_INFORMATION_FORMAT = "dwarf-with-dsym";
				ENABLE_NS_ASSERTIONS = NO;
				ENABLE_STRICT_OBJC_MSGSEND = YES;
				GCC_C_LANGUAGE_STANDARD = gnu99;
				GCC_NO_COMMON_BLOCKS = YES;
				GCC_WARN_64_TO_32_BIT_CONVERSION = YES;
				GCC_WARN_ABOUT_RETURN_TYPE = YES_ERROR;
				GCC_WARN_UNDECLARED_SELECTOR = YES;
				GCC_WARN_UNINITIALIZED_AUTOS = YES_AGGRESSIVE;
				GCC_WARN_UNUSED_FUNCTION = YES;
				GCC_WARN_UNUSED_VARIABLE = YES;
				MACOSX_DEPLOYMENT_TARGET = 10.11;
				MTL_ENABLE_DEBUG_INFO = NO;
				SDKROOT = macosx;
			};
			name = Release;
		};
		18313D7A1CCE08CD0080E4CC /* Debug */ = {
			isa = XCBuildConfiguration;
			buildSettings = {
				PRODUCT_NAME = "$(TARGET_NAME)";
				WARNING_CFLAGS = (
					"-Wno-arc-performSelector-leaks",
					"-Wno-undeclared-selector",
					"-Wno-incompatible-pointer-types",
					"-Wno-nonnull",
				);
			};
			name = Debug;
		};
		18313D7B1CCE08CD0080E4CC /* Release */ = {
			isa = XCBuildConfiguration;
			buildSettings = {
				PRODUCT_NAME = "$(TARGET_NAME)";
				WARNING_CFLAGS = (
					"-Wno-arc-performSelector-leaks",
					"-Wno-undeclared-selector",
					"-Wno-incompatible-pointer-types",
					"-Wno-nonnull",
				);
			};
			name = Release;
		};
/* End XCBuildConfiguration section */

/* Begin XCConfigurationList section */
		18313D6D1CCE08CD0080E4CC /* Build configuration list for PBXProject "runtime" */ = {
			isa = XCConfigurationList;
			buildConfigurations = (
				18313D771CCE08CD0080E4CC /* Debug */,
				18313D781CCE08CD0080E4CC /* Release */,
			);
			defaultConfigurationIsVisible = 0;
			defaultConfigurationName = Release;
		};
		18313D791CCE08CD0080E4CC /* Build configuration list for PBXNativeTarget "runtime" */ = {
			isa = XCConfigurationList;
			buildConfigurations = (
				18313D7A1CCE08CD0080E4CC /* Debug */,
				18313D7B1CCE08CD0080E4CC /* Release */,
			);
			defaultConfigurationIsVisible = 0;
			defaultConfigurationName = Release;
		};
/* End XCConfigurationList section */
	};
	rootObject = 18313D6A1CCE08CD0080E4CC /* Project object */;
}
